
Microsoft Visual Studio Solution File, Format Version 12.00
# Visual Studio Version 17
VisualStudioVersion = 17.2.32519.379
MinimumVisualStudioVersion = 10.0.40219.1
Project("{FAE04EC0-301F-11D3-BF4B-00C04F79EFBC}") = "GymLife.API", "GymLife.API\GymLife.API.csproj", "{D735A533-1B52-4ADB-BF64-83E92C1847B3}"
EndProject
Project("{FAE04EC0-301F-11D3-BF4B-00C04F79EFBC}") = "GymLife.DOMAIN", "GymLife.DOMAIN\GymLife.DOMAIN.csproj", "{077E955C-D597-448E-A162-96FDA352A826}"
EndProject
Global
	GlobalSection(SolutionConfigurationPlatforms) = preSolution
		Debug|Any CPU = Debug|Any CPU
		Release|Any CPU = Release|Any CPU
	EndGlobalSection
	GlobalSection(ProjectConfigurationPlatforms) = postSolution
		{D735A533-1B52-4ADB-BF64-83E92C1847B3}.Debug|Any CPU.ActiveCfg = Debug|Any CPU
		{D735A533-1B52-4ADB-BF64-83E92C1847B3}.Debug|Any CPU.Build.0 = Debug|Any CPU
		{D735A533-1B52-4ADB-BF64-83E92C1847B3}.Release|Any CPU.ActiveCfg = Release|Any CPU
		{D735A533-1B52-4ADB-BF64-83E92C1847B3}.Release|Any CPU.Build.0 = Release|Any CPU
		{077E955C-D597-448E-A162-96FDA352A826}.Debug|Any CPU.ActiveCfg = Debug|Any CPU
		{077E955C-D597-448E-A162-96FDA352A826}.Debug|Any CPU.Build.0 = Debug|Any CPU
		{077E955C-D597-448E-A162-96FDA352A826}.Release|Any CPU.ActiveCfg = Release|Any CPU
		{077E955C-D597-448E-A162-96FDA352A826}.Release|Any CPU.Build.0 = Release|Any CPU
	EndGlobalSection
	GlobalSection(SolutionProperties) = preSolution
		HideSolutionNode = FALSE
	EndGlobalSection
	GlobalSection(ExtensibilityGlobals) = postSolution
		SolutionGuid = {5A13BE22-5D80-4993-A23E-B88C039A5090}
	EndGlobalSection
EndGlobal
